// !$*UTF8*$!
{
	archiveVersion = 1;
	classes = {
	};
	objectVersion = 56;
	objects = {

/* Begin PBXBuildFile section */
		DC3A0EE82A3310FC00CF19D2 /* PPMModel.cpp in Sources */ = {isa = PBXBuildFile; fileRef = DC3A0EE62A3310FC00CF19D2 /* PPMModel.cpp */; };
		DC664B982A2EC508003F05DE /* main.cpp in Sources */ = {isa = PBXBuildFile; fileRef = DC664B972A2EC508003F05DE /* main.cpp */; };
		DC664BA02A2F0A70003F05DE /* ArithmeticCoder.cpp in Sources */ = {isa = PBXBuildFile; fileRef = DC664B9E2A2F0A70003F05DE /* ArithmeticCoder.cpp */; };
/* End PBXBuildFile section */

/* Begin PBXCopyFilesBuildPhase section */
		DC664B922A2EC507003F05DE /* CopyFiles */ = {
			isa = PBXCopyFilesBuildPhase;
			buildActionMask = 2147483647;
			dstPath = /usr/share/man/man1/;
			dstSubfolderSpec = 0;
			files = (
			);
			runOnlyForDeploymentPostprocessing = 1;
		};
/* End PBXCopyFilesBuildPhase section */

/* Begin PBXFileReference section */
		DC3A0EE62A3310FC00CF19D2 /* PPMModel.cpp */ = {isa = PBXFileReference; lastKnownFileType = sourcecode.cpp.cpp; path = PPMModel.cpp; sourceTree = "<group>"; };
		DC3A0EE72A3310FC00CF19D2 /* PPMModel.hpp */ = {isa = PBXFileReference; lastKnownFileType = sourcecode.cpp.h; path = PPMModel.hpp; sourceTree = "<group>"; };
		DC664B942A2EC508003F05DE /* ppmQ */ = {isa = PBXFileReference; explicitFileType = "compiled.mach-o.executable"; includeInIndex = 0; path = ppmQ; sourceTree = BUILT_PRODUCTS_DIR; };
		DC664B972A2EC508003F05DE /* main.cpp */ = {isa = PBXFileReference; lastKnownFileType = sourcecode.cpp.cpp; path = main.cpp; sourceTree = "<group>"; };
		DC664B9E2A2F0A70003F05DE /* ArithmeticCoder.cpp */ = {isa = PBXFileReference; lastKnownFileType = sourcecode.cpp.cpp; path = ArithmeticCoder.cpp; sourceTree = "<group>"; };
		DC664B9F2A2F0A70003F05DE /* ArithmeticCoder.hpp */ = {isa = PBXFileReference; lastKnownFileType = sourcecode.cpp.h; path = ArithmeticCoder.hpp; sourceTree = "<group>"; };
/* End PBXFileReference section */

/* Begin PBXFrameworksBuildPhase section */
		DC664B912A2EC507003F05DE /* Frameworks */ = {
			isa = PBXFrameworksBuildPhase;
			buildActionMask = 2147483647;
			files = (
			);
			runOnlyForDeploymentPostprocessing = 0;
		};
/* End PBXFrameworksBuildPhase section */

/* Begin PBXGroup section */
		DC664B8B2A2EC507003F05DE = {
			isa = PBXGroup;
			children = (
				DC664B962A2EC508003F05DE /* ppmQ */,
				DC664B952A2EC508003F05DE /* Products */,
			);
			sourceTree = "<group>";
		};
		DC664B952A2EC508003F05DE /* Products */ = {
			isa = PBXGroup;
			children = (
				DC664B942A2EC508003F05DE /* ppmQ */,
			);
			name = Products;
			sourceTree = "<group>";
		};
		DC664B962A2EC508003F05DE /* ppmQ */ = {
			isa = PBXGroup;
			children = (
				DC664B972A2EC508003F05DE /* main.cpp */,
				DC664B9E2A2F0A70003F05DE /* ArithmeticCoder.cpp */,
				DC664B9F2A2F0A70003F05DE /* ArithmeticCoder.hpp */,
				DC3A0EE62A3310FC00CF19D2 /* PPMModel.cpp */,
				DC3A0EE72A3310FC00CF19D2 /* PPMModel.hpp */,
			);
			path = ppmQ;
			sourceTree = "<group>";
		};
/* End PBXGroup section */

/* Begin PBXNativeTarget section */
		DC664B932A2EC507003F05DE /* ppmQ */ = {
			isa = PBXNativeTarget;
			buildConfigurationList = DC664B9B2A2EC508003F05DE /* Build configuration list for PBXNativeTarget "ppmQ" */;
			buildPhases = (
				DC664B902A2EC507003F05DE /* Sources */,
				DC664B912A2EC507003F05DE /* Frameworks */,
				DC664B922A2EC507003F05DE /* CopyFiles */,
			);
			buildRules = (
			);
			dependencies = (
			);
			name = ppmQ;
			productName = ppmQ;
			productReference = DC664B942A2EC508003F05DE /* ppmQ */;
			productType = "com.apple.product-type.tool";
		};
/* End PBXNativeTarget section */

/* Begin PBXProject section */
		DC664B8C2A2EC507003F05DE /* Project object */ = {
			isa = PBXProject;
			attributes = {
				BuildIndependentTargetsInParallel = 1;
				LastUpgradeCheck = 1430;
				TargetAttributes = {
					DC664B932A2EC507003F05DE = {
						CreatedOnToolsVersion = 14.3.1;
					};
				};
			};
			buildConfigurationList = DC664B8F2A2EC507003F05DE /* Build configuration list for PBXProject "ppmQ" */;
			compatibilityVersion = "Xcode 14.0";
			developmentRegion = en;
			hasScannedForEncodings = 0;
			knownRegions = (
				en,
				Base,
			);
			mainGroup = DC664B8B2A2EC507003F05DE;
			productRefGroup = DC664B952A2EC508003F05DE /* Products */;
			projectDirPath = "";
			projectRoot = "";
			targets = (
				DC664B932A2EC507003F05DE /* ppmQ */,
			);
		};
/* End PBXProject section */

/* Begin PBXSourcesBuildPhase section */
		DC664B902A2EC507003F05DE /* Sources */ = {
			isa = PBXSourcesBuildPhase;
			buildActionMask = 2147483647;
			files = (
				DC3A0EE82A3310FC00CF19D2 /* PPMModel.cpp in Sources */,
				DC664B982A2EC508003F05DE /* main.cpp in Sources */,
				DC664BA02A2F0A70003F05DE /* ArithmeticCoder.cpp in Sources */,
			);
			runOnlyForDeploymentPostprocessing = 0;
		};
/* End PBXSourcesBuildPhase section */

/* Begin XCBuildConfiguration section */
		DC664B992A2EC508003F05DE /* Debug */ = {
			isa = XCBuildConfiguration;
			buildSettings = {
				ALWAYS_SEARCH_USER_PATHS = NO;
				CLANG_ANALYZER_NONNULL = YES;
				CLANG_ANALYZER_NUMBER_OBJECT_CONVERSION = YES_AGGRESSIVE;
				CLANG_CXX_LANGUAGE_STANDARD = "gnu++20";
				CLANG_ENABLE_MODULES = YES;
				CLANG_ENABLE_OBJC_ARC = YES;
				CLANG_ENABLE_OBJC_WEAK = YES;
				CLANG_WARN_BLOCK_CAPTURE_AUTORELEASING = YES;
				CLANG_WARN_BOOL_CONVERSION = YES;
				CLANG_WARN_COMMA = YES;
				CLANG_WARN_CONSTANT_CONVERSION = YES;
				CLANG_WARN_DEPRECATED_OBJC_IMPLEMENTATIONS = YES;
				CLANG_WARN_DIRECT_OBJC_ISA_USAGE = YES_ERROR;
				CLANG_WARN_DOCUMENTATION_COMMENTS = YES;
				CLANG_WARN_EMPTY_BODY = YES;
				CLANG_WARN_ENUM_CONVERSION = YES;
				CLANG_WARN_INFINITE_RECURSION = YES;
				CLANG_WARN_INT_CONVERSION = YES;
				CLANG_WARN_NON_LITERAL_NULL_CONVERSION = YES;
				CLANG_WARN_OBJC_IMPLICIT_RETAIN_SELF = YES;
				CLANG_WARN_OBJC_LITERAL_CONVERSION = YES;
				CLANG_WARN_OBJC_ROOT_CLASS = YES_ERROR;
				CLANG_WARN_QUOTED_INCLUDE_IN_FRAMEWORK_HEADER = YES;
				CLANG_WARN_RANGE_LOOP_ANALYSIS = YES;
				CLANG_WARN_STRICT_PROTOTYPES = YES;
				CLANG_WARN_SUSPICIOUS_MOVE = YES;
				CLANG_WARN_UNGUARDED_AVAILABILITY = YES_AGGRESSIVE;
				CLANG_WARN_UNREACHABLE_CODE = YES;
				CLANG_WARN__DUPLICATE_METHOD_MATCH = YES;
				COPY_PHASE_STRIP = NO;
				DEBUG_INFORMATION_FORMAT = dwarf;
				ENABLE_STRICT_OBJC_MSGSEND = YES;
				ENABLE_TESTABILITY = YES;
				GCC_C_LANGUAGE_STANDARD = gnu11;
				GCC_DYNAMIC_NO_PIC = NO;
				GCC_NO_COMMON_BLOCKS = YES;
				GCC_OPTIMIZATION_LEVEL = 0;
				GCC_PREPROCESSOR_DEFINITIONS = (
					"DEBUG=1",
					"$(inherited)",
				);
				GCC_WARN_64_TO_32_BIT_CONVERSION = YES;
				GCC_WARN_ABOUT_RETURN_TYPE = YES_ERROR;
				GCC_WARN_UNDECLARED_SELECTOR = YES;
				GCC_WARN_UNINITIALIZED_AUTOS = YES_AGGRESSIVE;
				GCC_WARN_UNUSED_FUNCTION = YES;
				GCC_WARN_UNUSED_VARIABLE = YES;
				MACOSX_DEPLOYMENT_TARGET = 13.3;
				MTL_ENABLE_DEBUG_INFO = INCLUDE_SOURCE;
				MTL_FAST_MATH = YES;
				ONLY_ACTIVE_ARCH = YES;
				SDKROOT = macosx;
			};
			name = Debug;
		};
		DC664B9A2A2EC508003F05DE /* Release */ = {
			isa = XCBuildConfiguration;
			buildSettings = {
				ALWAYS_SEARCH_USER_PATHS = NO;
				CLANG_ANALYZER_NONNULL = YES;
				CLANG_ANALYZER_NUMBER_OBJECT_CONVERSION = YES_AGGRESSIVE;
				CLANG_CXX_LANGUAGE_STANDARD = "gnu++20";
				CLANG_ENABLE_MODULES = YES;
				CLANG_ENABLE_OBJC_ARC = YES;
				CLANG_ENABLE_OBJC_WEAK = YES;
				CLANG_WARN_BLOCK_CAPTURE_AUTORELEASING = YES;
				CLANG_WARN_BOOL_CONVERSION = YES;
				CLANG_WARN_COMMA = YES;
				CLANG_WARN_CONSTANT_CONVERSION = YES;
				CLANG_WARN_DEPRECATED_OBJC_IMPLEMENTATIONS = YES;
				CLANG_WARN_DIRECT_OBJC_ISA_USAGE = YES_ERROR;
				CLANG_WARN_DOCUMENTATION_COMMENTS = YES;
				CLANG_WARN_EMPTY_BODY = YES;
				CLANG_WARN_ENUM_CONVERSION = YES;
				CLANG_WARN_INFINITE_RECURSION = YES;
				CLANG_WARN_INT_CONVERSION = YES;
				CLANG_WARN_NON_LITERAL_NULL_CONVERSION = YES;
				CLANG_WARN_OBJC_IMPLICIT_RETAIN_SELF = YES;
				CLANG_WARN_OBJC_LITERAL_CONVERSION = YES;
				CLANG_WARN_OBJC_ROOT_CLASS = YES_ERROR;
				CLANG_WARN_QUOTED_INCLUDE_IN_FRAMEWORK_HEADER = YES;
				CLANG_WARN_RANGE_LOOP_ANALYSIS = YES;
				CLANG_WARN_STRICT_PROTOTYPES = YES;
				CLANG_WARN_SUSPICIOUS_MOVE = YES;
				CLANG_WARN_UNGUARDED_AVAILABILITY = YES_AGGRESSIVE;
				CLANG_WARN_UNREACHABLE_CODE = YES;
				CLANG_WARN__DUPLICATE_METHOD_MATCH = YES;
				COPY_PHASE_STRIP = NO;
				DEBUG_INFORMATION_FORMAT = "dwarf-with-dsym";
				ENABLE_NS_ASSERTIONS = NO;
				ENABLE_STRICT_OBJC_MSGSEND = YES;
				GCC_C_LANGUAGE_STANDARD = gnu11;
				GCC_NO_COMMON_BLOCKS = YES;
				GCC_WARN_64_TO_32_BIT_CONVERSION = YES;
				GCC_WARN_ABOUT_RETURN_TYPE = YES_ERROR;
				GCC_WARN_UNDECLARED_SELECTOR = YES;
				GCC_WARN_UNINITIALIZED_AUTOS = YES_AGGRESSIVE;
				GCC_WARN_UNUSED_FUNCTION = YES;
				GCC_WARN_UNUSED_VARIABLE = YES;
				MACOSX_DEPLOYMENT_TARGET = 13.3;
				MTL_ENABLE_DEBUG_INFO = NO;
				MTL_FAST_MATH = YES;
				SDKROOT = macosx;
			};
			name = Release;
		};
		DC664B9C2A2EC508003F05DE /* Debug */ = {
			isa = XCBuildConfiguration;
			buildSettings = {
				CODE_SIGN_STYLE = Automatic;
				PRODUCT_NAME = "$(TARGET_NAME)";
			};
			name = Debug;
		};
		DC664B9D2A2EC508003F05DE /* Release */ = {
			isa = XCBuildConfiguration;
			buildSettings = {
				CODE_SIGN_STYLE = Automatic;
				PRODUCT_NAME = "$(TARGET_NAME)";
			};
			name = Release;
		};
/* End XCBuildConfiguration section */

/* Begin XCConfigurationList section */
		DC664B8F2A2EC507003F05DE /* Build configuration list for PBXProject "ppmQ" */ = {
			isa = XCConfigurationList;
			buildConfigurations = (
				DC664B992A2EC508003F05DE /* Debug */,
				DC664B9A2A2EC508003F05DE /* Release */,
			);
			defaultConfigurationIsVisible = 0;
			defaultConfigurationName = Release;
		};
		DC664B9B2A2EC508003F05DE /* Build configuration list for PBXNativeTarget "ppmQ" */ = {
			isa = XCConfigurationList;
			buildConfigurations = (
				DC664B9C2A2EC508003F05DE /* Debug */,
				DC664B9D2A2EC508003F05DE /* Release */,
			);
			defaultConfigurationIsVisible = 0;
			defaultConfigurationName = Release;
		};
/* End XCConfigurationList section */
	};
	rootObject = DC664B8C2A2EC507003F05DE /* Project object */;
}
